
Microsoft Visual Studio Solution File, Format Version 12.00
# Visual Studio Version 17
VisualStudioVersion = 17.1.32328.378
MinimumVisualStudioVersion = 10.0.40219.1
Project("{FAE04EC0-301F-11D3-BF4B-00C04F79EFBC}") = "Adapter", "GOF_Adapter_Composite_Facade\Adapter.csproj", "{02D4C954-4F0E-4782-81C6-2507165FEE7E}"
EndProject
Project("{FAE04EC0-301F-11D3-BF4B-00C04F79EFBC}") = "Composite", "Composite\Composite.csproj", "{FFE5DD19-0F08-4222-B5E4-C6C975D461EB}"
EndProject
Project("{FAE04EC0-301F-11D3-BF4B-00C04F79EFBC}") = "Facade", "Facade\Facade.csproj", "{0D8CBE29-2A10-447A-9A8F-E169E5B562B3}"
EndProject
Global
	GlobalSection(SolutionConfigurationPlatforms) = preSolution
		Debug|Any CPU = Debug|Any CPU
		Release|Any CPU = Release|Any CPU
	EndGlobalSection
	GlobalSection(ProjectConfigurationPlatforms) = postSolution
		{02D4C954-4F0E-4782-81C6-2507165FEE7E}.Debug|Any CPU.ActiveCfg = Debug|Any CPU
		{02D4C954-4F0E-4782-81C6-2507165FEE7E}.Debug|Any CPU.Build.0 = Debug|Any CPU
		{02D4C954-4F0E-4782-81C6-2507165FEE7E}.Release|Any CPU.ActiveCfg = Release|Any CPU
		{02D4C954-4F0E-4782-81C6-2507165FEE7E}.Release|Any CPU.Build.0 = Release|Any CPU
		{FFE5DD19-0F08-4222-B5E4-C6C975D461EB}.Debug|Any CPU.ActiveCfg = Debug|Any CPU
		{FFE5DD19-0F08-4222-B5E4-C6C975D461EB}.Debug|Any CPU.Build.0 = Debug|Any CPU
		{FFE5DD19-0F08-4222-B5E4-C6C975D461EB}.Release|Any CPU.ActiveCfg = Release|Any CPU
		{FFE5DD19-0F08-4222-B5E4-C6C975D461EB}.Release|Any CPU.Build.0 = Release|Any CPU
		{0D8CBE29-2A10-447A-9A8F-E169E5B562B3}.Debug|Any CPU.ActiveCfg = Debug|Any CPU
		{0D8CBE29-2A10-447A-9A8F-E169E5B562B3}.Debug|Any CPU.Build.0 = Debug|Any CPU
		{0D8CBE29-2A10-447A-9A8F-E169E5B562B3}.Release|Any CPU.ActiveCfg = Release|Any CPU
		{0D8CBE29-2A10-447A-9A8F-E169E5B562B3}.Release|Any CPU.Build.0 = Release|Any CPU
	EndGlobalSection
	GlobalSection(SolutionProperties) = preSolution
		HideSolutionNode = FALSE
	EndGlobalSection
	GlobalSection(ExtensibilityGlobals) = postSolution
		SolutionGuid = {537A9DBA-D87B-4DB5-9C98-5284C83BE16B}
	EndGlobalSection
EndGlobal
